
Microsoft Visual Studio Solution File, Format Version 12.00
# Visual Studio 15
Project("{FAE04EC0-301F-11D3-BF4B-00C04F79EFBC}") = "Assembly-CSharp", "Assembly-CSharp.csproj", "{9ECDFC9A-B592-D507-E827-92BB4CC2CFF9}"
EndProject
Project("{FAE04EC0-301F-11D3-BF4B-00C04F79EFBC}") = "Meryel.CodeAssist.Editor", "Meryel.CodeAssist.Editor.csproj", "{23FA46D3-9FF9-CA5E-F3DE-3A645BA69DEE}"
EndProject
Global
	GlobalSection(SolutionConfigurationPlatforms) = preSolution
		Debug|Any CPU = Debug|Any CPU
		Release|Any CPU = Release|Any CPU
	EndGlobalSection
	GlobalSection(ProjectConfigurationPlatforms) = postSolution
		{9ECDFC9A-B592-D507-E827-92BB4CC2CFF9}.Debug|Any CPU.ActiveCfg = Debug|Any CPU
		{9ECDFC9A-B592-D507-E827-92BB4CC2CFF9}.Debug|Any CPU.Build.0 = Debug|Any CPU
		{9ECDFC9A-B592-D507-E827-92BB4CC2CFF9}.Release|Any CPU.ActiveCfg = Release|Any CPU
		{9ECDFC9A-B592-D507-E827-92BB4CC2CFF9}.Release|Any CPU.Build.0 = Release|Any CPU
		{23FA46D3-9FF9-CA5E-F3DE-3A645BA69DEE}.Debug|Any CPU.ActiveCfg = Debug|Any CPU
		{23FA46D3-9FF9-CA5E-F3DE-3A645BA69DEE}.Debug|Any CPU.Build.0 = Debug|Any CPU
		{23FA46D3-9FF9-CA5E-F3DE-3A645BA69DEE}.Release|Any CPU.ActiveCfg = Release|Any CPU
		{23FA46D3-9FF9-CA5E-F3DE-3A645BA69DEE}.Release|Any CPU.Build.0 = Release|Any CPU
	EndGlobalSection
	GlobalSection(SolutionProperties) = preSolution
		HideSolutionNode = FALSE
	EndGlobalSection
EndGlobal
